
Microsoft Visual Studio Solution File, Format Version 12.00
# Visual Studio Version 17
VisualStudioVersion = 17.11.35208.52
MinimumVisualStudioVersion = 10.0.40219.1
Project("{9A19103F-16F7-4668-BE54-9A1E7A4F7556}") = "tournamenet_creation", "tournamenet_creation\tournamenet_creation.csproj", "{FFCD7252-D02A-406E-92C7-633CAFA3A1C7}"
EndProject
Project("{FAE04EC0-301F-11D3-BF4B-00C04F79EFBC}") = "TrackerUI", "TrackerUI\TrackerUI.csproj", "{84F2395F-288F-43AD-93C6-B0AB4A92FAF0}"
EndProject
Global
	GlobalSection(SolutionConfigurationPlatforms) = preSolution
		Debug|Any CPU = Debug|Any CPU
		Release|Any CPU = Release|Any CPU
	EndGlobalSection
	GlobalSection(ProjectConfigurationPlatforms) = postSolution
		{FFCD7252-D02A-406E-92C7-633CAFA3A1C7}.Debug|Any CPU.ActiveCfg = Debug|Any CPU
		{FFCD7252-D02A-406E-92C7-633CAFA3A1C7}.Debug|Any CPU.Build.0 = Debug|Any CPU
		{FFCD7252-D02A-406E-92C7-633CAFA3A1C7}.Release|Any CPU.ActiveCfg = Release|Any CPU
		{FFCD7252-D02A-406E-92C7-633CAFA3A1C7}.Release|Any CPU.Build.0 = Release|Any CPU
		{84F2395F-288F-43AD-93C6-B0AB4A92FAF0}.Debug|Any CPU.ActiveCfg = Debug|Any CPU
		{84F2395F-288F-43AD-93C6-B0AB4A92FAF0}.Debug|Any CPU.Build.0 = Debug|Any CPU
		{84F2395F-288F-43AD-93C6-B0AB4A92FAF0}.Release|Any CPU.ActiveCfg = Release|Any CPU
		{84F2395F-288F-43AD-93C6-B0AB4A92FAF0}.Release|Any CPU.Build.0 = Release|Any CPU
	EndGlobalSection
	GlobalSection(SolutionProperties) = preSolution
		HideSolutionNode = FALSE
	EndGlobalSection
	GlobalSection(ExtensibilityGlobals) = postSolution
		SolutionGuid = {DAB2F432-E0A4-4ACA-BE0A-CCF8A7E9CD70}
	EndGlobalSection
EndGlobal
